
Microsoft Visual Studio Solution File, Format Version 12.00
# Visual Studio Version 17
VisualStudioVersion = 17.0.32014.148
MinimumVisualStudioVersion = 10.0.40219.1
Project("{FAE04EC0-301F-11D3-BF4B-00C04F79EFBC}") = "P01_StudentSystem", "P01_StudentSystem\P01_StudentSystem.csproj", "{A472019B-A91D-437A-9FDC-F2E828C97BB3}"
EndProject
Project("{FAE04EC0-301F-11D3-BF4B-00C04F79EFBC}") = "P01_StudentSystem.Data.Models", "P01_StudentSystem.Data.Models\P01_StudentSystem.Data.Models.csproj", "{389A8177-0EFC-4AD1-86E3-584988AAF577}"
EndProject
Project("{FAE04EC0-301F-11D3-BF4B-00C04F79EFBC}") = "P01_StudentSystem.Data", "P01_StudentSystem.Data\P01_StudentSystem.Data.csproj", "{14F1F29E-11FE-43E6-9A8F-7A0C2D920D94}"
EndProject
Global
	GlobalSection(SolutionConfigurationPlatforms) = preSolution
		Debug|Any CPU = Debug|Any CPU
		Release|Any CPU = Release|Any CPU
	EndGlobalSection
	GlobalSection(ProjectConfigurationPlatforms) = postSolution
		{A472019B-A91D-437A-9FDC-F2E828C97BB3}.Debug|Any CPU.ActiveCfg = Debug|Any CPU
		{A472019B-A91D-437A-9FDC-F2E828C97BB3}.Debug|Any CPU.Build.0 = Debug|Any CPU
		{A472019B-A91D-437A-9FDC-F2E828C97BB3}.Release|Any CPU.ActiveCfg = Release|Any CPU
		{A472019B-A91D-437A-9FDC-F2E828C97BB3}.Release|Any CPU.Build.0 = Release|Any CPU
		{389A8177-0EFC-4AD1-86E3-584988AAF577}.Debug|Any CPU.ActiveCfg = Debug|Any CPU
		{389A8177-0EFC-4AD1-86E3-584988AAF577}.Debug|Any CPU.Build.0 = Debug|Any CPU
		{389A8177-0EFC-4AD1-86E3-584988AAF577}.Release|Any CPU.ActiveCfg = Release|Any CPU
		{389A8177-0EFC-4AD1-86E3-584988AAF577}.Release|Any CPU.Build.0 = Release|Any CPU
		{14F1F29E-11FE-43E6-9A8F-7A0C2D920D94}.Debug|Any CPU.ActiveCfg = Debug|Any CPU
		{14F1F29E-11FE-43E6-9A8F-7A0C2D920D94}.Debug|Any CPU.Build.0 = Debug|Any CPU
		{14F1F29E-11FE-43E6-9A8F-7A0C2D920D94}.Release|Any CPU.ActiveCfg = Release|Any CPU
		{14F1F29E-11FE-43E6-9A8F-7A0C2D920D94}.Release|Any CPU.Build.0 = Release|Any CPU
	EndGlobalSection
	GlobalSection(SolutionProperties) = preSolution
		HideSolutionNode = FALSE
	EndGlobalSection
	GlobalSection(ExtensibilityGlobals) = postSolution
		SolutionGuid = {4332DD41-BDF5-425C-BF11-93F8EEC629FE}
	EndGlobalSection
EndGlobal
